
Microsoft Visual Studio Solution File, Format Version 12.00
# Visual Studio Version 17
VisualStudioVersion = 17.5.33627.172
MinimumVisualStudioVersion = 10.0.40219.1
Project("{FAE04EC0-301F-11D3-BF4B-00C04F79EFBC}") = "PowerPOS API", "PowerPOS API\PowerPOS API.csproj", "{CCCB5F13-F09A-4747-AF3F-1377060161DC}"
EndProject
Project("{FAE04EC0-301F-11D3-BF4B-00C04F79EFBC}") = "Infrastructure", "Infrastructure\Infrastructure.csproj", "{698A52E1-3E3C-4413-A875-C33E9B7BBEB1}"
EndProject
Project("{FAE04EC0-301F-11D3-BF4B-00C04F79EFBC}") = "Core", "Core\Core.csproj", "{9899E97D-08F1-498C-ACD9-399599D0815A}"
EndProject
Global
	GlobalSection(SolutionConfigurationPlatforms) = preSolution
		Debug|Any CPU = Debug|Any CPU
		Release|Any CPU = Release|Any CPU
	EndGlobalSection
	GlobalSection(ProjectConfigurationPlatforms) = postSolution
		{CCCB5F13-F09A-4747-AF3F-1377060161DC}.Debug|Any CPU.ActiveCfg = Debug|Any CPU
		{CCCB5F13-F09A-4747-AF3F-1377060161DC}.Debug|Any CPU.Build.0 = Debug|Any CPU
		{CCCB5F13-F09A-4747-AF3F-1377060161DC}.Release|Any CPU.ActiveCfg = Release|Any CPU
		{CCCB5F13-F09A-4747-AF3F-1377060161DC}.Release|Any CPU.Build.0 = Release|Any CPU
		{698A52E1-3E3C-4413-A875-C33E9B7BBEB1}.Debug|Any CPU.ActiveCfg = Debug|Any CPU
		{698A52E1-3E3C-4413-A875-C33E9B7BBEB1}.Debug|Any CPU.Build.0 = Debug|Any CPU
		{698A52E1-3E3C-4413-A875-C33E9B7BBEB1}.Release|Any CPU.ActiveCfg = Release|Any CPU
		{698A52E1-3E3C-4413-A875-C33E9B7BBEB1}.Release|Any CPU.Build.0 = Release|Any CPU
		{9899E97D-08F1-498C-ACD9-399599D0815A}.Debug|Any CPU.ActiveCfg = Debug|Any CPU
		{9899E97D-08F1-498C-ACD9-399599D0815A}.Debug|Any CPU.Build.0 = Debug|Any CPU
		{9899E97D-08F1-498C-ACD9-399599D0815A}.Release|Any CPU.ActiveCfg = Release|Any CPU
		{9899E97D-08F1-498C-ACD9-399599D0815A}.Release|Any CPU.Build.0 = Release|Any CPU
	EndGlobalSection
	GlobalSection(SolutionProperties) = preSolution
		HideSolutionNode = FALSE
	EndGlobalSection
	GlobalSection(ExtensibilityGlobals) = postSolution
		SolutionGuid = {6E6A7EFD-BC16-450A-8CBE-AEA7F1041C71}
	EndGlobalSection
EndGlobal
